<?xml version="1.0" encoding="UTF-8" standalone="yes" ?>
<CodeBlocks_project_file>
   <FileVersion major="1" minor="6" />
   <Project>
      <Option title="Cpp" />
      <Option makefile_is_custom="1" />
      <Option compiler="gcc" />
      <Option virtualFolders="CMake Files\;" />
      <Build>
      <Target title="all">
         <Option working_dir="/home/danilo/Trabalho1_EDA" />
         <Option type="4" />
         <MakeCommands>
            <Build command="/usr/bin/make -f &quot;/home/danilo/Trabalho1_EDA/Makefile&quot;  VERBOSE=1 all" />
            <CompileFile command="/usr/bin/make -f &quot;/home/danilo/Trabalho1_EDA/Makefile&quot;  VERBOSE=1 &quot;$file&quot;" />
            <Clean command="/usr/bin/make -f &quot;/home/danilo/Trabalho1_EDA/Makefile&quot;  VERBOSE=1 clean" />
            <DistClean command="/usr/bin/make -f &quot;/home/danilo/Trabalho1_EDA/Makefile&quot;  VERBOSE=1 clean" />
         </MakeCommands>
      </Target>
      <Target title="Cpp">
         <Option output="/home/danilo/Trabalho1_EDA/Cpp" prefix_auto="0" extension_auto="0" />
         <Option working_dir="/home/danilo/Trabalho1_EDA" />
         <Option object_output="./" />
         <Option type="1" />
         <Option compiler="gcc" />
         <Compiler>
            <Add directory="/usr/include" />
            <Add directory="/usr/lib/gcc/x86_64-unknown-linux-gnu/4.8.1/../../../../include/c++/4.8.1" />
            <Add directory="/usr/lib/gcc/x86_64-unknown-linux-gnu/4.8.1/../../../../include/c++/4.8.1/backward" />
            <Add directory="/usr/lib/gcc/x86_64-unknown-linux-gnu/4.8.1/../../../../include/c++/4.8.1/x86_64-unknown-linux-gnu" />
            <Add directory="/usr/lib/gcc/x86_64-unknown-linux-gnu/4.8.1/include" />
            <Add directory="/usr/lib/gcc/x86_64-unknown-linux-gnu/4.8.1/include-fixed" />
            <Add directory="/usr/local/include" />
         </Compiler>
         <MakeCommands>
            <Build command="/usr/bin/make -f &quot;/home/danilo/Trabalho1_EDA/Makefile&quot;  VERBOSE=1 Cpp" />
            <CompileFile command="/usr/bin/make -f &quot;/home/danilo/Trabalho1_EDA/Makefile&quot;  VERBOSE=1 &quot;$file&quot;" />
            <Clean command="/usr/bin/make -f &quot;/home/danilo/Trabalho1_EDA/Makefile&quot;  VERBOSE=1 clean" />
            <DistClean command="/usr/bin/make -f &quot;/home/danilo/Trabalho1_EDA/Makefile&quot;  VERBOSE=1 clean" />
         </MakeCommands>
      </Target>
      <Target title="Cpp/fast">
         <Option output="/home/danilo/Trabalho1_EDA/Cpp" prefix_auto="0" extension_auto="0" />
         <Option working_dir="/home/danilo/Trabalho1_EDA" />
         <Option object_output="./" />
         <Option type="1" />
         <Option compiler="gcc" />
         <Compiler>
            <Add directory="/usr/include" />
            <Add directory="/usr/lib/gcc/x86_64-unknown-linux-gnu/4.8.1/../../../../include/c++/4.8.1" />
            <Add directory="/usr/lib/gcc/x86_64-unknown-linux-gnu/4.8.1/../../../../include/c++/4.8.1/backward" />
            <Add directory="/usr/lib/gcc/x86_64-unknown-linux-gnu/4.8.1/../../../../include/c++/4.8.1/x86_64-unknown-linux-gnu" />
            <Add directory="/usr/lib/gcc/x86_64-unknown-linux-gnu/4.8.1/include" />
            <Add directory="/usr/lib/gcc/x86_64-unknown-linux-gnu/4.8.1/include-fixed" />
            <Add directory="/usr/local/include" />
         </Compiler>
         <MakeCommands>
            <Build command="/usr/bin/make -f &quot;/home/danilo/Trabalho1_EDA/Makefile&quot;  VERBOSE=1 Cpp/fast" />
            <CompileFile command="/usr/bin/make -f &quot;/home/danilo/Trabalho1_EDA/Makefile&quot;  VERBOSE=1 &quot;$file&quot;" />
            <Clean command="/usr/bin/make -f &quot;/home/danilo/Trabalho1_EDA/Makefile&quot;  VERBOSE=1 clean" />
            <DistClean command="/usr/bin/make -f &quot;/home/danilo/Trabalho1_EDA/Makefile&quot;  VERBOSE=1 clean" />
         </MakeCommands>
      </Target>
      <Target title="rebuild_cache">
         <Option working_dir="/home/danilo/Trabalho1_EDA" />
         <Option type="4" />
         <MakeCommands>
            <Build command="/usr/bin/make -f &quot;/home/danilo/Trabalho1_EDA/Makefile&quot;  VERBOSE=1 rebuild_cache" />
            <CompileFile command="/usr/bin/make -f &quot;/home/danilo/Trabalho1_EDA/Makefile&quot;  VERBOSE=1 &quot;$file&quot;" />
            <Clean command="/usr/bin/make -f &quot;/home/danilo/Trabalho1_EDA/Makefile&quot;  VERBOSE=1 clean" />
            <DistClean command="/usr/bin/make -f &quot;/home/danilo/Trabalho1_EDA/Makefile&quot;  VERBOSE=1 clean" />
         </MakeCommands>
      </Target>
      </Build>
      <Unit filename="/home/danilo/Trabalho1_EDA/Cpp/AbstractHashTable.cpp">
      </Unit>
      <Unit filename="/home/danilo/Trabalho1_EDA/Cpp/BinaryTreeUnbalanced.cpp">
      </Unit>
      <Unit filename="/home/danilo/Trabalho1_EDA/Cpp/CPUTimer.cpp">
      </Unit>
      <Unit filename="/home/danilo/Trabalho1_EDA/Cpp/LinkedList.cpp">
      </Unit>
      <Unit filename="/home/danilo/Trabalho1_EDA/Cpp/main.cpp">
      </Unit>
      <Unit filename="/home/danilo/Trabalho1_EDA/Cpp/AbstractHashTable.h">
      </Unit>
      <Unit filename="/home/danilo/Trabalho1_EDA/Cpp/BinaryTreeUnbalanced.h">
      </Unit>
      <Unit filename="/home/danilo/Trabalho1_EDA/Cpp/CPUTimer.h">
      </Unit>
      <Unit filename="/home/danilo/Trabalho1_EDA/Cpp/LinkedList.h">
      </Unit>
      <Unit filename="/home/danilo/Trabalho1_EDA/Cpp/CMakeLists.txt">
          <Option virtualFolder="CMake Files\" />
      </Unit>
   </Project>
</CodeBlocks_project_file>
